
Microsoft Visual Studio Solution File, Format Version 12.00
# Visual Studio Version 16
VisualStudioVersion = 16.0.33529.622
MinimumVisualStudioVersion = 10.0.40219.1
Project("{FAE04EC0-301F-11D3-BF4B-00C04F79EFBC}") = "FunnyStory_Maker", "FunnyStory_Maker\FunnyStory_Maker.csproj", "{2797028C-03A7-43FC-9590-B00BC10014D6}"
EndProject
Global
	GlobalSection(SolutionConfigurationPlatforms) = preSolution
		Debug|Any CPU = Debug|Any CPU
		Release|Any CPU = Release|Any CPU
	EndGlobalSection
	GlobalSection(ProjectConfigurationPlatforms) = postSolution
		{2797028C-03A7-43FC-9590-B00BC10014D6}.Debug|Any CPU.ActiveCfg = Debug|Any CPU
		{2797028C-03A7-43FC-9590-B00BC10014D6}.Debug|Any CPU.Build.0 = Debug|Any CPU
		{2797028C-03A7-43FC-9590-B00BC10014D6}.Release|Any CPU.ActiveCfg = Release|Any CPU
		{2797028C-03A7-43FC-9590-B00BC10014D6}.Release|Any CPU.Build.0 = Release|Any CPU
	EndGlobalSection
	GlobalSection(SolutionProperties) = preSolution
		HideSolutionNode = FALSE
	EndGlobalSection
	GlobalSection(ExtensibilityGlobals) = postSolution
		SolutionGuid = {DA26B5E2-69ED-4864-8E8E-4702FFD86C9B}
	EndGlobalSection
EndGlobal
